
Microsoft Visual Studio Solution File, Format Version 12.00
# Visual Studio Version 17
VisualStudioVersion = 17.14.36310.24 d17.14
MinimumVisualStudioVersion = 10.0.40219.1
Project("{C9674DCB-5085-4A16-B785-4C70DD1589BD}") = "RP18045DWTarea1", "RP18045DWTarea1.dtproj", "{43D01F3C-FB67-3490-EA98-9316D33720E1}"
EndProject
Global
	GlobalSection(SolutionConfigurationPlatforms) = preSolution
		Development|Default = Development|Default
	EndGlobalSection
	GlobalSection(ProjectConfigurationPlatforms) = postSolution
		{43D01F3C-FB67-3490-EA98-9316D33720E1}.Development|Default.ActiveCfg = Development
		{43D01F3C-FB67-3490-EA98-9316D33720E1}.Development|Default.Build.0 = Development
	EndGlobalSection
	GlobalSection(SolutionProperties) = preSolution
		HideSolutionNode = FALSE
	EndGlobalSection
	GlobalSection(ExtensibilityGlobals) = postSolution
		SolutionGuid = {CB0D20DD-A644-4744-92B3-AE355E735012}
	EndGlobalSection
EndGlobal
